<?xml version="1.0" encoding="utf-8"?>
<Project ToolsVersion="4.0" xmlns="http://schemas.microsoft.com/developer/msbuild/2003">
  <ItemGroup>
    <Filter Include="Source Files">
      <UniqueIdentifier>{4FC737F1-C7A5-4376-A066-2A32D752A2FF}</UniqueIdentifier>
      <Extensions>cpp;c;cc;cxx;c++;cppm;ixx;def;odl;idl;hpj;bat;asm;asmx</Extensions>
    </Filter>
    <Filter Include="Header Files">
      <UniqueIdentifier>{93995380-89BD-4b04-88EB-625FBE52EBFB}</UniqueIdentifier>
      <Extensions>h;hh;hpp;hxx;h++;hm;inl;inc;ipp;xsd</Extensions>
    </Filter>
    <Filter Include="Resource Files">
      <UniqueIdentifier>{67DA6AB6-F800-4c08-8B7A-83BB121AAD01}</UniqueIdentifier>
      <Extensions>rc;ico;cur;bmp;dlg;rc2;rct;bin;rgs;gif;jpg;jpeg;jpe;resx;tiff;tif;png;wav;mfcribbon-ms</Extensions>
    </Filter>
    <Filter Include="Source Files\sk_window_mngr">
      <UniqueIdentifier>{8565ef9e-1fac-48bb-b58a-1d21c4fdab5d}</UniqueIdentifier>
    </Filter>
    <Filter Include="Source Files\sk_window_mngr\windows">
      <UniqueIdentifier>{c439ede5-967f-4a46-9582-ec53f01717a2}</UniqueIdentifier>
    </Filter>
    <Filter Include="Source Files\sk_webview">
      <UniqueIdentifier>{36880214-eeeb-45cb-872a-eff7dbc4ec39}</UniqueIdentifier>
    </Filter>
    <Filter Include="Source Files\sk_webview\windows">
      <UniqueIdentifier>{0860e5cc-8c2b-4229-a5a6-c62d28c2916a}</UniqueIdentifier>
    </Filter>
  </ItemGroup>
  <ItemGroup>
    <None Include="packages.config" />
  </ItemGroup>
  <ItemGroup>
    <ClCompile Include="..\..\sk_cpp\main.cpp">
      <Filter>Source Files</Filter>
    </ClCompile>
    <ClCompile Include="..\..\sk_cpp\sk_window_mngr\windows\sk_window_windows.cpp">
      <Filter>Source Files\sk_window_mngr\windows</Filter>
    </ClCompile>
    <ClCompile Include="..\..\sk_cpp\sk_webview\sk_webview.cpp">
      <Filter>Source Files\sk_webview</Filter>
    </ClCompile>
    <ClCompile Include="..\..\sk_cpp\sk_webview\windows\sk_webview_windows.cpp">
      <Filter>Source Files\sk_webview\windows</Filter>
    </ClCompile>
  </ItemGroup>
  <ItemGroup>
    <ClInclude Include="..\..\sk_cpp\sk_str_utils.hxx">
      <Filter>Source Files</Filter>
    </ClInclude>
    <ClInclude Include="..\..\sk_cpp\superkraft.hxx">
      <Filter>Source Files</Filter>
    </ClInclude>
    <ClInclude Include="..\..\sk_cpp\sk_window_mngr\sk_window_mngr.hxx">
      <Filter>Source Files\sk_window_mngr</Filter>
    </ClInclude>
    <ClInclude Include="..\..\sk_cpp\sk_window_mngr\windows\sk_window_windows.h">
      <Filter>Source Files\sk_window_mngr\windows</Filter>
    </ClInclude>
    <ClInclude Include="..\..\sk_cpp\sk_webview\sk_webview.h">
      <Filter>Source Files\sk_webview</Filter>
    </ClInclude>
    <ClInclude Include="..\..\sk_cpp\sk_webview\windows\sk_webview_windows.h">
      <Filter>Source Files\sk_webview\windows</Filter>
    </ClInclude>
  </ItemGroup>
</Project>